
Microsoft Visual Studio Solution File, Format Version 12.00
# Visual Studio Version 17
VisualStudioVersion = 17.0.31903.59
MinimumVisualStudioVersion = 10.0.40219.1
Project("{2150E333-8FDC-42A3-9474-1A3956D46DE8}") = "AspNet", "AspNet", "{4DC59788-1F83-4AFD-BB29-C2B1D4C1A7BB}"
EndProject
Project("{FAE04EC0-301F-11D3-BF4B-00C04F79EFBC}") = "AyBorg.AspNet", "AspNet\src\AyBorg.AspNet.csproj", "{4D100CF1-FF75-4B73-B49E-55A5E421A9BD}"
EndProject
Project("{2150E333-8FDC-42A3-9474-1A3956D46DE8}") = "Authorization", "Authorization", "{BD6B5B8D-AB9B-434C-83F4-EFC7A9039F77}"
EndProject
Project("{FAE04EC0-301F-11D3-BF4B-00C04F79EFBC}") = "AyBorg.Authorization", "Authorization\src\AyBorg.Authorization.csproj", "{00195AA2-9F07-49B9-95EE-84E2E011B7B6}"
EndProject
Project("{2150E333-8FDC-42A3-9474-1A3956D46DE8}") = "Communication", "Communication", "{332F8F6D-CE7C-4255-9666-D517B797B7A2}"
EndProject
Project("{FAE04EC0-301F-11D3-BF4B-00C04F79EFBC}") = "AyBorg.Communication", "Communication\src\AyBorg.Communication.csproj", "{AF9AC9AD-4319-4AAE-9F9F-B22F926A1425}"
EndProject
Project("{2150E333-8FDC-42A3-9474-1A3956D46DE8}") = "Communication.MQTT", "Communication.MQTT", "{F4596DB4-EFEA-4413-87C1-2BF9D8214B98}"
EndProject
Project("{FAE04EC0-301F-11D3-BF4B-00C04F79EFBC}") = "AyBorg.Communication.MQTT", "Communication.MQTT\src\AyBorg.Communication.MQTT.csproj", "{50B4E301-745A-4F9B-8458-E0268E6AE258}"
EndProject
Project("{2150E333-8FDC-42A3-9474-1A3956D46DE8}") = "Communication.gRPC", "Communication.gRPC", "{2145ECC1-BA77-49A0-9338-DFF113B53E9E}"
EndProject
Project("{FAE04EC0-301F-11D3-BF4B-00C04F79EFBC}") = "AyBorg.Communication.gRPC", "Communication.gRPC\src\AyBorg.Communication.gRPC.csproj", "{7C461BF3-BB67-49CC-9F71-15F62D61CE30}"
EndProject
Project("{FAE04EC0-301F-11D3-BF4B-00C04F79EFBC}") = "AyBorg.Communication.gRPC.Tests", "Communication.gRPC\test\AyBorg.Communication.gRPC.Tests.csproj", "{672AA8DA-65F7-4816-95A5-4D0E92C835DB}"
EndProject
Project("{2150E333-8FDC-42A3-9474-1A3956D46DE8}") = "Logging", "Logging", "{BE612767-9AEB-4665-B18B-46AF1BD97E8D}"
EndProject
Project("{FAE04EC0-301F-11D3-BF4B-00C04F79EFBC}") = "AyBorg.Logging", "Logging\src\AyBorg.Logging.csproj", "{C17CE846-99EA-4566-B25F-1CBAE74A2C77}"
EndProject
Project("{FAE04EC0-301F-11D3-BF4B-00C04F79EFBC}") = "AyBorg.Logging.Tests", "Logging\test\AyBorg.Logging.Tests.csproj", "{62B9E161-E846-4851-B348-E178C6F13F45}"
EndProject
Project("{2150E333-8FDC-42A3-9474-1A3956D46DE8}") = "Runtime", "Runtime", "{1DB879FE-E09F-4842-A59A-FDA7961D9F8F}"
EndProject
Project("{FAE04EC0-301F-11D3-BF4B-00C04F79EFBC}") = "AyBorg.Runtime", "Runtime\src\AyBorg.Runtime.csproj", "{E57554F1-B95B-4211-AB7F-6144D50F8C71}"
EndProject
Global
	GlobalSection(SolutionConfigurationPlatforms) = preSolution
		Debug|Any CPU = Debug|Any CPU
		Release|Any CPU = Release|Any CPU
	EndGlobalSection
	GlobalSection(SolutionProperties) = preSolution
		HideSolutionNode = FALSE
	EndGlobalSection
	GlobalSection(ProjectConfigurationPlatforms) = postSolution
		{4D100CF1-FF75-4B73-B49E-55A5E421A9BD}.Debug|Any CPU.ActiveCfg = Debug|Any CPU
		{4D100CF1-FF75-4B73-B49E-55A5E421A9BD}.Debug|Any CPU.Build.0 = Debug|Any CPU
		{4D100CF1-FF75-4B73-B49E-55A5E421A9BD}.Release|Any CPU.ActiveCfg = Release|Any CPU
		{4D100CF1-FF75-4B73-B49E-55A5E421A9BD}.Release|Any CPU.Build.0 = Release|Any CPU
		{00195AA2-9F07-49B9-95EE-84E2E011B7B6}.Debug|Any CPU.ActiveCfg = Debug|Any CPU
		{00195AA2-9F07-49B9-95EE-84E2E011B7B6}.Debug|Any CPU.Build.0 = Debug|Any CPU
		{00195AA2-9F07-49B9-95EE-84E2E011B7B6}.Release|Any CPU.ActiveCfg = Release|Any CPU
		{00195AA2-9F07-49B9-95EE-84E2E011B7B6}.Release|Any CPU.Build.0 = Release|Any CPU
		{AF9AC9AD-4319-4AAE-9F9F-B22F926A1425}.Debug|Any CPU.ActiveCfg = Debug|Any CPU
		{AF9AC9AD-4319-4AAE-9F9F-B22F926A1425}.Debug|Any CPU.Build.0 = Debug|Any CPU
		{AF9AC9AD-4319-4AAE-9F9F-B22F926A1425}.Release|Any CPU.ActiveCfg = Release|Any CPU
		{AF9AC9AD-4319-4AAE-9F9F-B22F926A1425}.Release|Any CPU.Build.0 = Release|Any CPU
		{50B4E301-745A-4F9B-8458-E0268E6AE258}.Debug|Any CPU.ActiveCfg = Debug|Any CPU
		{50B4E301-745A-4F9B-8458-E0268E6AE258}.Debug|Any CPU.Build.0 = Debug|Any CPU
		{50B4E301-745A-4F9B-8458-E0268E6AE258}.Release|Any CPU.ActiveCfg = Release|Any CPU
		{50B4E301-745A-4F9B-8458-E0268E6AE258}.Release|Any CPU.Build.0 = Release|Any CPU
		{7C461BF3-BB67-49CC-9F71-15F62D61CE30}.Debug|Any CPU.ActiveCfg = Debug|Any CPU
		{7C461BF3-BB67-49CC-9F71-15F62D61CE30}.Debug|Any CPU.Build.0 = Debug|Any CPU
		{7C461BF3-BB67-49CC-9F71-15F62D61CE30}.Release|Any CPU.ActiveCfg = Release|Any CPU
		{7C461BF3-BB67-49CC-9F71-15F62D61CE30}.Release|Any CPU.Build.0 = Release|Any CPU
		{672AA8DA-65F7-4816-95A5-4D0E92C835DB}.Debug|Any CPU.ActiveCfg = Debug|Any CPU
		{672AA8DA-65F7-4816-95A5-4D0E92C835DB}.Debug|Any CPU.Build.0 = Debug|Any CPU
		{672AA8DA-65F7-4816-95A5-4D0E92C835DB}.Release|Any CPU.ActiveCfg = Release|Any CPU
		{672AA8DA-65F7-4816-95A5-4D0E92C835DB}.Release|Any CPU.Build.0 = Release|Any CPU
		{C17CE846-99EA-4566-B25F-1CBAE74A2C77}.Debug|Any CPU.ActiveCfg = Debug|Any CPU
		{C17CE846-99EA-4566-B25F-1CBAE74A2C77}.Debug|Any CPU.Build.0 = Debug|Any CPU
		{C17CE846-99EA-4566-B25F-1CBAE74A2C77}.Release|Any CPU.ActiveCfg = Release|Any CPU
		{C17CE846-99EA-4566-B25F-1CBAE74A2C77}.Release|Any CPU.Build.0 = Release|Any CPU
		{62B9E161-E846-4851-B348-E178C6F13F45}.Debug|Any CPU.ActiveCfg = Debug|Any CPU
		{62B9E161-E846-4851-B348-E178C6F13F45}.Debug|Any CPU.Build.0 = Debug|Any CPU
		{62B9E161-E846-4851-B348-E178C6F13F45}.Release|Any CPU.ActiveCfg = Release|Any CPU
		{62B9E161-E846-4851-B348-E178C6F13F45}.Release|Any CPU.Build.0 = Release|Any CPU
		{E57554F1-B95B-4211-AB7F-6144D50F8C71}.Debug|Any CPU.ActiveCfg = Debug|Any CPU
		{E57554F1-B95B-4211-AB7F-6144D50F8C71}.Debug|Any CPU.Build.0 = Debug|Any CPU
		{E57554F1-B95B-4211-AB7F-6144D50F8C71}.Release|Any CPU.ActiveCfg = Release|Any CPU
		{E57554F1-B95B-4211-AB7F-6144D50F8C71}.Release|Any CPU.Build.0 = Release|Any CPU
	EndGlobalSection
	GlobalSection(NestedProjects) = preSolution
		{4D100CF1-FF75-4B73-B49E-55A5E421A9BD} = {4DC59788-1F83-4AFD-BB29-C2B1D4C1A7BB}
		{00195AA2-9F07-49B9-95EE-84E2E011B7B6} = {BD6B5B8D-AB9B-434C-83F4-EFC7A9039F77}
		{AF9AC9AD-4319-4AAE-9F9F-B22F926A1425} = {332F8F6D-CE7C-4255-9666-D517B797B7A2}
		{50B4E301-745A-4F9B-8458-E0268E6AE258} = {F4596DB4-EFEA-4413-87C1-2BF9D8214B98}
		{7C461BF3-BB67-49CC-9F71-15F62D61CE30} = {2145ECC1-BA77-49A0-9338-DFF113B53E9E}
		{672AA8DA-65F7-4816-95A5-4D0E92C835DB} = {2145ECC1-BA77-49A0-9338-DFF113B53E9E}
		{C17CE846-99EA-4566-B25F-1CBAE74A2C77} = {BE612767-9AEB-4665-B18B-46AF1BD97E8D}
		{62B9E161-E846-4851-B348-E178C6F13F45} = {BE612767-9AEB-4665-B18B-46AF1BD97E8D}
		{E57554F1-B95B-4211-AB7F-6144D50F8C71} = {1DB879FE-E09F-4842-A59A-FDA7961D9F8F}
	EndGlobalSection
EndGlobal
